
Microsoft Visual Studio Solution File, Format Version 12.00
# Visual Studio 15
VisualStudioVersion = 15.0.27130.2024
MinimumVisualStudioVersion = 10.0.40219.1
Project("{2150E333-8FDC-42A3-9474-1A3956D46DE8}") = "DOCUMENTACION", "DOCUMENTACION", "{280016F7-13B5-4CF2-8996-34DAF4818C63}"
	ProjectSection(SolutionItems) = preProject
		DOCUMENTACION\Calculadora de Pagos.pptx = DOCUMENTACION\Calculadora de Pagos.pptx
	EndProjectSection
EndProject
Project("{FAE04EC0-301F-11D3-BF4B-00C04F79EFBC}") = "Calculadora de Horas", "Calculadora de Horas\Calculadora de Horas.csproj", "{1B082610-173C-43E5-8CB2-92EDB497E995}"
EndProject
Global
	GlobalSection(SolutionConfigurationPlatforms) = preSolution
		Debug|Any CPU = Debug|Any CPU
		Release|Any CPU = Release|Any CPU
	EndGlobalSection
	GlobalSection(ProjectConfigurationPlatforms) = postSolution
		{1B082610-173C-43E5-8CB2-92EDB497E995}.Debug|Any CPU.ActiveCfg = Debug|Any CPU
		{1B082610-173C-43E5-8CB2-92EDB497E995}.Debug|Any CPU.Build.0 = Debug|Any CPU
		{1B082610-173C-43E5-8CB2-92EDB497E995}.Release|Any CPU.ActiveCfg = Release|Any CPU
		{1B082610-173C-43E5-8CB2-92EDB497E995}.Release|Any CPU.Build.0 = Release|Any CPU
	EndGlobalSection
	GlobalSection(SolutionProperties) = preSolution
		HideSolutionNode = FALSE
	EndGlobalSection
	GlobalSection(ExtensibilityGlobals) = postSolution
		SolutionGuid = {CBAED96A-0278-470B-8A6F-7E3E2CBCAA31}
	EndGlobalSection
EndGlobal
